
Microsoft Visual Studio Solution File, Format Version 12.00
# Visual Studio 2012
Project("{FAE04EC0-301F-11D3-BF4B-00C04F79EFBC}") = "ClassicNetwork", "ClassicNetwork.csproj", "{F3BA730B-8C22-44CB-9F8C-3AB50DCCB546}"
EndProject
Project("{FAE04EC0-301F-11D3-BF4B-00C04F79EFBC}") = "ClassicNetworkTest", "..\ClassicNetworkTest\ClassicNetworkTest.csproj", "{D12B3CBD-D7CA-4FCE-9E23-ACD5606CCC40}"
EndProject
Global
	GlobalSection(SolutionConfigurationPlatforms) = preSolution
		Debug|Any CPU = Debug|Any CPU
		Release|Any CPU = Release|Any CPU
	EndGlobalSection
	GlobalSection(ProjectConfigurationPlatforms) = postSolution
		{F3BA730B-8C22-44CB-9F8C-3AB50DCCB546}.Debug|Any CPU.ActiveCfg = Debug|Any CPU
		{F3BA730B-8C22-44CB-9F8C-3AB50DCCB546}.Debug|Any CPU.Build.0 = Debug|Any CPU
		{F3BA730B-8C22-44CB-9F8C-3AB50DCCB546}.Release|Any CPU.ActiveCfg = Release|Any CPU
		{F3BA730B-8C22-44CB-9F8C-3AB50DCCB546}.Release|Any CPU.Build.0 = Release|Any CPU
		{D12B3CBD-D7CA-4FCE-9E23-ACD5606CCC40}.Debug|Any CPU.ActiveCfg = Debug|Any CPU
		{D12B3CBD-D7CA-4FCE-9E23-ACD5606CCC40}.Debug|Any CPU.Build.0 = Debug|Any CPU
		{D12B3CBD-D7CA-4FCE-9E23-ACD5606CCC40}.Release|Any CPU.ActiveCfg = Release|Any CPU
		{D12B3CBD-D7CA-4FCE-9E23-ACD5606CCC40}.Release|Any CPU.Build.0 = Release|Any CPU
	EndGlobalSection
	GlobalSection(SolutionProperties) = preSolution
		HideSolutionNode = FALSE
	EndGlobalSection
EndGlobal
